{
  "name": "SpreadJS JavaScript ExcelIO",
  "lockfileVersion": 2,
  "requires": true,
  "packages": {
    "": {
      "dependencies": {
        "@grapecity/spread-excelio": "^15.1.4",
        "@grapecity/spread-sheets": "^15.1.4",
        "jquery": "^3.6.0"
      }
    },
    "node_modules/@grapecity/spread-excelio": {
      "version": "15.1.4",
      "resolved": "https://registry.npmjs.org/@grapecity/spread-excelio/-/spread-excelio-15.1.4.tgz",
      "integrity": "sha512-R53M7VnvTwsfT1PIIb6+nKfp9G3PtZdXxKGhSc/318L2J4V9WIUM6RmhQLvuEmVIrfYVVArDmxIWQZncHwV1sg==",
      "dependencies": {
        "@grapecity/spread-sheets": "15.1.4"
      }
    },
    "node_modules/@grapecity/spread-sheets": {
      "version": "15.1.4",
      "resolved": "https://registry.npmjs.org/@grapecity/spread-sheets/-/spread-sheets-15.1.4.tgz",
      "integrity": "sha512-mFo2y0mLuU+3iZy4Z+Vjwa8ag0Tkuq+KGS2vaV+hUdtzgmwPSlelyYuQFUf9oxJzyGiD8N1yZS3kdlH6kazIZw=="
    },
    "node_modules/jquery": {
      "version": "3.6.0",
      "resolved": "https://registry.npmjs.org/jquery/-/jquery-3.6.0.tgz",
      "integrity": "sha512-JVzAR/AjBvVt2BmYhxRCSYysDsPcssdmTFnzyLEts9qNwmjmu4JTAMYubEfwVOSwpQ1I1sKKFcxhZCI2buerfw=="
    }
  },
  "dependencies": {
    "@grapecity/spread-excelio": {
      "version": "15.1.4",
      "resolved": "https://registry.npmjs.org/@grapecity/spread-excelio/-/spread-excelio-15.1.4.tgz",
      "integrity": "sha512-R53M7VnvTwsfT1PIIb6+nKfp9G3PtZdXxKGhSc/318L2J4V9WIUM6RmhQLvuEmVIrfYVVArDmxIWQZncHwV1sg==",
      "requires": {
        "@grapecity/spread-sheets": "15.1.4"
      }
    },
    "@grapecity/spread-sheets": {
      "version": "15.1.4",
      "resolved": "https://registry.npmjs.org/@grapecity/spread-sheets/-/spread-sheets-15.1.4.tgz",
      "integrity": "sha512-mFo2y0mLuU+3iZy4Z+Vjwa8ag0Tkuq+KGS2vaV+hUdtzgmwPSlelyYuQFUf9oxJzyGiD8N1yZS3kdlH6kazIZw=="
    },
    "jquery": {
      "version": "3.6.0",
      "resolved": "https://registry.npmjs.org/jquery/-/jquery-3.6.0.tgz",
      "integrity": "sha512-JVzAR/AjBvVt2BmYhxRCSYysDsPcssdmTFnzyLEts9qNwmjmu4JTAMYubEfwVOSwpQ1I1sKKFcxhZCI2buerfw=="
    }
  }
}
